// !$*UTF8*$!
{
	archiveVersion = 1;
	classes = {
	};
	objectVersion = 46;
	objects = {

/* Begin PBXBuildFile section */
		5EC5BDE21B25A1D40007E286 /* AppDelegate.swift in Sources */ = {isa = PBXBuildFile; fileRef = 5EC5BDE11B25A1D40007E286 /* AppDelegate.swift */; };
		5EC5BDE41B25A1D50007E286 /* ViewController.swift in Sources */ = {isa = PBXBuildFile; fileRef = 5EC5BDE31B25A1D50007E286 /* ViewController.swift */; };
		5EC5BDE71B25A1D50007E286 /* Main.storyboard in Resources */ = {isa = PBXBuildFile; fileRef = 5EC5BDE51B25A1D50007E286 /* Main.storyboard */; };
		5EC5BDE91B25A1D50007E286 /* Images.xcassets in Resources */ = {isa = PBXBuildFile; fileRef = 5EC5BDE81B25A1D50007E286 /* Images.xcassets */; };
		5EC5BDEC1B25A1D50007E286 /* LaunchScreen.xib in Resources */ = {isa = PBXBuildFile; fileRef = 5EC5BDEA1B25A1D50007E286 /* LaunchScreen.xib */; };
		5EC5BDF81B25A1D50007E286 /* SwiftTextFieldsSampleTests.swift in Sources */ = {isa = PBXBuildFile; fileRef = 5EC5BDF71B25A1D50007E286 /* SwiftTextFieldsSampleTests.swift */; };
/* End PBXBuildFile section */

/* Begin PBXContainerItemProxy section */
		5EC5BDF21B25A1D50007E286 /* PBXContainerItemProxy */ = {
			isa = PBXContainerItemProxy;
			containerPortal = 5EC5BDD41B25A1D40007E286 /* Project object */;
			proxyType = 1;
			remoteGlobalIDString = 5EC5BDDB1B25A1D40007E286;
			remoteInfo = SwiftTextFieldsSample;
		};
/* End PBXContainerItemProxy section */

/* Begin PBXFileReference section */
		5EC5BDDC1B25A1D40007E286 /* SwiftTextFieldsSample.app */ = {isa = PBXFileReference; explicitFileType = wrapper.application; includeInIndex = 0; path = SwiftTextFieldsSample.app; sourceTree = BUILT_PRODUCTS_DIR; };
		5EC5BDE01B25A1D40007E286 /* Info.plist */ = {isa = PBXFileReference; lastKnownFileType = text.plist.xml; path = Info.plist; sourceTree = "<group>"; };
		5EC5BDE11B25A1D40007E286 /* AppDelegate.swift */ = {isa = PBXFileReference; lastKnownFileType = sourcecode.swift; path = AppDelegate.swift; sourceTree = "<group>"; };
		5EC5BDE31B25A1D50007E286 /* ViewController.swift */ = {isa = PBXFileReference; lastKnownFileType = sourcecode.swift; path = ViewController.swift; sourceTree = "<group>"; };
		5EC5BDE61B25A1D50007E286 /* Base */ = {isa = PBXFileReference; lastKnownFileType = file.storyboard; name = Base; path = Base.lproj/Main.storyboard; sourceTree = "<group>"; };
		5EC5BDE81B25A1D50007E286 /* Images.xcassets */ = {isa = PBXFileReference; lastKnownFileType = folder.assetcatalog; path = Images.xcassets; sourceTree = "<group>"; };
		5EC5BDEB1B25A1D50007E286 /* Base */ = {isa = PBXFileReference; lastKnownFileType = file.xib; name = Base; path = Base.lproj/LaunchScreen.xib; sourceTree = "<group>"; };
		5EC5BDF11B25A1D50007E286 /* SwiftTextFieldsSampleTests.xctest */ = {isa = PBXFileReference; explicitFileType = wrapper.cfbundle; includeInIndex = 0; path = SwiftTextFieldsSampleTests.xctest; sourceTree = BUILT_PRODUCTS_DIR; };
		5EC5BDF61B25A1D50007E286 /* Info.plist */ = {isa = PBXFileReference; lastKnownFileType = text.plist.xml; path = Info.plist; sourceTree = "<group>"; };
		5EC5BDF71B25A1D50007E286 /* SwiftTextFieldsSampleTests.swift */ = {isa = PBXFileReference; lastKnownFileType = sourcecode.swift; path = SwiftTextFieldsSampleTests.swift; sourceTree = "<group>"; };
/* End PBXFileReference section */

/* Begin PBXFrameworksBuildPhase section */
		5EC5BDD91B25A1D40007E286 /* Frameworks */ = {
			isa = PBXFrameworksBuildPhase;
			buildActionMask = 2147483647;
			files = (
			);
			runOnlyForDeploymentPostprocessing = 0;
		};
		5EC5BDEE1B25A1D50007E286 /* Frameworks */ = {
			isa = PBXFrameworksBuildPhase;
			buildActionMask = 2147483647;
			files = (
			);
			runOnlyForDeploymentPostprocessing = 0;
		};
/* End PBXFrameworksBuildPhase section */

/* Begin PBXGroup section */
		5EC5BDD31B25A1D40007E286 = {
			isa = PBXGroup;
			children = (
				5EC5BDDE1B25A1D40007E286 /* SwiftTextFieldsSample */,
				5EC5BDF41B25A1D50007E286 /* SwiftTextFieldsSampleTests */,
				5EC5BDDD1B25A1D40007E286 /* Products */,
			);
			sourceTree = "<group>";
		};
		5EC5BDDD1B25A1D40007E286 /* Products */ = {
			isa = PBXGroup;
			children = (
				5EC5BDDC1B25A1D40007E286 /* SwiftTextFieldsSample.app */,
				5EC5BDF11B25A1D50007E286 /* SwiftTextFieldsSampleTests.xctest */,
			);
			name = Products;
			sourceTree = "<group>";
		};
		5EC5BDDE1B25A1D40007E286 /* SwiftTextFieldsSample */ = {
			isa = PBXGroup;
			children = (
				5EC5BDE11B25A1D40007E286 /* AppDelegate.swift */,
				5EC5BDE31B25A1D50007E286 /* ViewController.swift */,
				5EC5BDE51B25A1D50007E286 /* Main.storyboard */,
				5EC5BDE81B25A1D50007E286 /* Images.xcassets */,
				5EC5BDEA1B25A1D50007E286 /* LaunchScreen.xib */,
				5EC5BDDF1B25A1D40007E286 /* Supporting Files */,
			);
			path = SwiftTextFieldsSample;
			sourceTree = "<group>";
		};
		5EC5BDDF1B25A1D40007E286 /* Supporting Files */ = {
			isa = PBXGroup;
			children = (
				5EC5BDE01B25A1D40007E286 /* Info.plist */,
			);
			name = "Supporting Files";
			sourceTree = "<group>";
		};
		5EC5BDF41B25A1D50007E286 /* SwiftTextFieldsSampleTests */ = {
			isa = PBXGroup;
			children = (
				5EC5BDF71B25A1D50007E286 /* SwiftTextFieldsSampleTests.swift */,
				5EC5BDF51B25A1D50007E286 /* Supporting Files */,
			);
			path = SwiftTextFieldsSampleTests;
			sourceTree = "<group>";
		};
		5EC5BDF51B25A1D50007E286 /* Supporting Files */ = {
			isa = PBXGroup;
			children = (
				5EC5BDF61B25A1D50007E286 /* Info.plist */,
			);
			name = "Supporting Files";
			sourceTree = "<group>";
		};
/* End PBXGroup section */

/* Begin PBXNativeTarget section */
		5EC5BDDB1B25A1D40007E286 /* SwiftTextFieldsSample */ = {
			isa = PBXNativeTarget;
			buildConfigurationList = 5EC5BDFB1B25A1D50007E286 /* Build configuration list for PBXNativeTarget "SwiftTextFieldsSample" */;
			buildPhases = (
				5EC5BDD81B25A1D40007E286 /* Sources */,
				5EC5BDD91B25A1D40007E286 /* Frameworks */,
				5EC5BDDA1B25A1D40007E286 /* Resources */,
			);
			buildRules = (
			);
			dependencies = (
			);
			name = SwiftTextFieldsSample;
			productName = SwiftTextFieldsSample;
			productReference = 5EC5BDDC1B25A1D40007E286 /* SwiftTextFieldsSample.app */;
			productType = "com.apple.product-type.application";
		};
		5EC5BDF01B25A1D50007E286 /* SwiftTextFieldsSampleTests */ = {
			isa = PBXNativeTarget;
			buildConfigurationList = 5EC5BDFE1B25A1D50007E286 /* Build configuration list for PBXNativeTarget "SwiftTextFieldsSampleTests" */;
			buildPhases = (
				5EC5BDED1B25A1D50007E286 /* Sources */,
				5EC5BDEE1B25A1D50007E286 /* Frameworks */,
				5EC5BDEF1B25A1D50007E286 /* Resources */,
			);
			buildRules = (
			);
			dependencies = (
				5EC5BDF31B25A1D50007E286 /* PBXTargetDependency */,
			);
			name = SwiftTextFieldsSampleTests;
			productName = SwiftTextFieldsSampleTests;
			productReference = 5EC5BDF11B25A1D50007E286 /* SwiftTextFieldsSampleTests.xctest */;
			productType = "com.apple.product-type.bundle.unit-test";
		};
/* End PBXNativeTarget section */

/* Begin PBXProject section */
		5EC5BDD41B25A1D40007E286 /* Project object */ = {
			isa = PBXProject;
			attributes = {
				LastUpgradeCheck = 0630;
				ORGANIZATIONNAME = "Trip Wire";
				TargetAttributes = {
					5EC5BDDB1B25A1D40007E286 = {
						CreatedOnToolsVersion = 6.3;
					};
					5EC5BDF01B25A1D50007E286 = {
						CreatedOnToolsVersion = 6.3;
						TestTargetID = 5EC5BDDB1B25A1D40007E286;
					};
				};
			};
			buildConfigurationList = 5EC5BDD71B25A1D40007E286 /* Build configuration list for PBXProject "SwiftTextFieldsSample" */;
			compatibilityVersion = "Xcode 3.2";
			developmentRegion = English;
			hasScannedForEncodings = 0;
			knownRegions = (
				en,
				Base,
			);
			mainGroup = 5EC5BDD31B25A1D40007E286;
			productRefGroup = 5EC5BDDD1B25A1D40007E286 /* Products */;
			projectDirPath = "";
			projectRoot = "";
			targets = (
				5EC5BDDB1B25A1D40007E286 /* SwiftTextFieldsSample */,
				5EC5BDF01B25A1D50007E286 /* SwiftTextFieldsSampleTests */,
			);
		};
/* End PBXProject section */

/* Begin PBXResourcesBuildPhase section */
		5EC5BDDA1B25A1D40007E286 /* Resources */ = {
			isa = PBXResourcesBuildPhase;
			buildActionMask = 2147483647;
			files = (
				5EC5BDE71B25A1D50007E286 /* Main.storyboard in Resources */,
				5EC5BDEC1B25A1D50007E286 /* LaunchScreen.xib in Resources */,
				5EC5BDE91B25A1D50007E286 /* Images.xcassets in Resources */,
			);
			runOnlyForDeploymentPostprocessing = 0;
		};
		5EC5BDEF1B25A1D50007E286 /* Resources */ = {
			isa = PBXResourcesBuildPhase;
			buildActionMask = 2147483647;
			files = (
			);
			runOnlyForDeploymentPostprocessing = 0;
		};
/* End PBXResourcesBuildPhase section */

/* Begin PBXSourcesBuildPhase section */
		5EC5BDD81B25A1D40007E286 /* Sources */ = {
			isa = PBXSourcesBuildPhase;
			buildActionMask = 2147483647;
			files = (
				5EC5BDE41B25A1D50007E286 /* ViewController.swift in Sources */,
				5EC5BDE21B25A1D40007E286 /* AppDelegate.swift in Sources */,
			);
			runOnlyForDeploymentPostprocessing = 0;
		};
		5EC5BDED1B25A1D50007E286 /* Sources */ = {
			isa = PBXSourcesBuildPhase;
			buildActionMask = 2147483647;
			files = (
				5EC5BDF81B25A1D50007E286 /* SwiftTextFieldsSampleTests.swift in Sources */,
			);
			runOnlyForDeploymentPostprocessing = 0;
		};
/* End PBXSourcesBuildPhase section */

/* Begin PBXTargetDependency section */
		5EC5BDF31B25A1D50007E286 /* PBXTargetDependency */ = {
			isa = PBXTargetDependency;
			target = 5EC5BDDB1B25A1D40007E286 /* SwiftTextFieldsSample */;
			targetProxy = 5EC5BDF21B25A1D50007E286 /* PBXContainerItemProxy */;
		};
/* End PBXTargetDependency section */

/* Begin PBXVariantGroup section */
		5EC5BDE51B25A1D50007E286 /* Main.storyboard */ = {
			isa = PBXVariantGroup;
			children = (
				5EC5BDE61B25A1D50007E286 /* Base */,
			);
			name = Main.storyboard;
			sourceTree = "<group>";
		};
		5EC5BDEA1B25A1D50007E286 /* LaunchScreen.xib */ = {
			isa = PBXVariantGroup;
			children = (
				5EC5BDEB1B25A1D50007E286 /* Base */,
			);
			name = LaunchScreen.xib;
			sourceTree = "<group>";
		};
/* End PBXVariantGroup section */

/* Begin XCBuildConfiguration section */
		5EC5BDF91B25A1D50007E286 /* Debug */ = {
			isa = XCBuildConfiguration;
			buildSettings = {
				ALWAYS_SEARCH_USER_PATHS = NO;
				CLANG_CXX_LANGUAGE_STANDARD = "gnu++0x";
				CLANG_CXX_LIBRARY = "libc++";
				CLANG_ENABLE_MODULES = YES;
				CLANG_ENABLE_OBJC_ARC = YES;
				CLANG_WARN_BOOL_CONVERSION = YES;
				CLANG_WARN_CONSTANT_CONVERSION = YES;
				CLANG_WARN_DIRECT_OBJC_ISA_USAGE = YES_ERROR;
				CLANG_WARN_EMPTY_BODY = YES;
				CLANG_WARN_ENUM_CONVERSION = YES;
				CLANG_WARN_INT_CONVERSION = YES;
				CLANG_WARN_OBJC_ROOT_CLASS = YES_ERROR;
				CLANG_WARN_UNREACHABLE_CODE = YES;
				CLANG_WARN__DUPLICATE_METHOD_MATCH = YES;
				"CODE_SIGN_IDENTITY[sdk=iphoneos*]" = "iPhone Developer";
				COPY_PHASE_STRIP = NO;
				DEBUG_INFORMATION_FORMAT = "dwarf-with-dsym";
				ENABLE_STRICT_OBJC_MSGSEND = YES;
				GCC_C_LANGUAGE_STANDARD = gnu99;
				GCC_DYNAMIC_NO_PIC = NO;
				GCC_NO_COMMON_BLOCKS = YES;
				GCC_OPTIMIZATION_LEVEL = 0;
				GCC_PREPROCESSOR_DEFINITIONS = (
					"DEBUG=1",
					"$(inherited)",
				);
				GCC_SYMBOLS_PRIVATE_EXTERN = NO;
				GCC_WARN_64_TO_32_BIT_CONVERSION = YES;
				GCC_WARN_ABOUT_RETURN_TYPE = YES_ERROR;
				GCC_WARN_UNDECLARED_SELECTOR = YES;
				GCC_WARN_UNINITIALIZED_AUTOS = YES_AGGRESSIVE;
				GCC_WARN_UNUSED_FUNCTION = YES;
				GCC_WARN_UNUSED_VARIABLE = YES;
				IPHONEOS_DEPLOYMENT_TARGET = 8.3;
				MTL_ENABLE_DEBUG_INFO = YES;
				ONLY_ACTIVE_ARCH = YES;
				SDKROOT = iphoneos;
				SWIFT_OPTIMIZATION_LEVEL = "-Onone";
				TARGETED_DEVICE_FAMILY = "1,2";
			};
			name = Debug;
		};
		5EC5BDFA1B25A1D50007E286 /* Release */ = {
			isa = XCBuildConfiguration;
			buildSettings = {
				ALWAYS_SEARCH_USER_PATHS = NO;
				CLANG_CXX_LANGUAGE_STANDARD = "gnu++0x";
				CLANG_CXX_LIBRARY = "libc++";
				CLANG_ENABLE_MODULES = YES;
				CLANG_ENABLE_OBJC_ARC = YES;
				CLANG_WARN_BOOL_CONVERSION = YES;
				CLANG_WARN_CONSTANT_CONVERSION = YES;
				CLANG_WARN_DIRECT_OBJC_ISA_USAGE = YES_ERROR;
				CLANG_WARN_EMPTY_BODY = YES;
				CLANG_WARN_ENUM_CONVERSION = YES;
				CLANG_WARN_INT_CONVERSION = YES;
				CLANG_WARN_OBJC_ROOT_CLASS = YES_ERROR;
				CLANG_WARN_UNREACHABLE_CODE = YES;
				CLANG_WARN__DUPLICATE_METHOD_MATCH = YES;
				"CODE_SIGN_IDENTITY[sdk=iphoneos*]" = "iPhone Developer";
				COPY_PHASE_STRIP = NO;
				DEBUG_INFORMATION_FORMAT = "dwarf-with-dsym";
				ENABLE_NS_ASSERTIONS = NO;
				ENABLE_STRICT_OBJC_MSGSEND = YES;
				GCC_C_LANGUAGE_STANDARD = gnu99;
				GCC_NO_COMMON_BLOCKS = YES;
				GCC_WARN_64_TO_32_BIT_CONVERSION = YES;
				GCC_WARN_ABOUT_RETURN_TYPE = YES_ERROR;
				GCC_WARN_UNDECLARED_SELECTOR = YES;
				GCC_WARN_UNINITIALIZED_AUTOS = YES_AGGRESSIVE;
				GCC_WARN_UNUSED_FUNCTION = YES;
				GCC_WARN_UNUSED_VARIABLE = YES;
				IPHONEOS_DEPLOYMENT_TARGET = 8.3;
				MTL_ENABLE_DEBUG_INFO = NO;
				SDKROOT = iphoneos;
				TARGETED_DEVICE_FAMILY = "1,2";
				VALIDATE_PRODUCT = YES;
			};
			name = Release;
		};
		5EC5BDFC1B25A1D50007E286 /* Debug */ = {
			isa = XCBuildConfiguration;
			buildSettings = {
				ASSETCATALOG_COMPILER_APPICON_NAME = AppIcon;
				INFOPLIST_FILE = SwiftTextFieldsSample/Info.plist;
				LD_RUNPATH_SEARCH_PATHS = "$(inherited) @executable_path/Frameworks";
				PRODUCT_NAME = "$(TARGET_NAME)";
			};
			name = Debug;
		};
		5EC5BDFD1B25A1D50007E286 /* Release */ = {
			isa = XCBuildConfiguration;
			buildSettings = {
				ASSETCATALOG_COMPILER_APPICON_NAME = AppIcon;
				INFOPLIST_FILE = SwiftTextFieldsSample/Info.plist;
				LD_RUNPATH_SEARCH_PATHS = "$(inherited) @executable_path/Frameworks";
				PRODUCT_NAME = "$(TARGET_NAME)";
			};
			name = Release;
		};
		5EC5BDFF1B25A1D50007E286 /* Debug */ = {
			isa = XCBuildConfiguration;
			buildSettings = {
				BUNDLE_LOADER = "$(TEST_HOST)";
				FRAMEWORK_SEARCH_PATHS = (
					"$(SDKROOT)/Developer/Library/Frameworks",
					"$(inherited)",
				);
				GCC_PREPROCESSOR_DEFINITIONS = (
					"DEBUG=1",
					"$(inherited)",
				);
				INFOPLIST_FILE = SwiftTextFieldsSampleTests/Info.plist;
				LD_RUNPATH_SEARCH_PATHS = "$(inherited) @executable_path/Frameworks @loader_path/Frameworks";
				PRODUCT_NAME = "$(TARGET_NAME)";
				TEST_HOST = "$(BUILT_PRODUCTS_DIR)/SwiftTextFieldsSample.app/SwiftTextFieldsSample";
			};
			name = Debug;
		};
		5EC5BE001B25A1D50007E286 /* Release */ = {
			isa = XCBuildConfiguration;
			buildSettings = {
				BUNDLE_LOADER = "$(TEST_HOST)";
				FRAMEWORK_SEARCH_PATHS = (
					"$(SDKROOT)/Developer/Library/Frameworks",
					"$(inherited)",
				);
				INFOPLIST_FILE = SwiftTextFieldsSampleTests/Info.plist;
				LD_RUNPATH_SEARCH_PATHS = "$(inherited) @executable_path/Frameworks @loader_path/Frameworks";
				PRODUCT_NAME = "$(TARGET_NAME)";
				TEST_HOST = "$(BUILT_PRODUCTS_DIR)/SwiftTextFieldsSample.app/SwiftTextFieldsSample";
			};
			name = Release;
		};
/* End XCBuildConfiguration section */

/* Begin XCConfigurationList section */
		5EC5BDD71B25A1D40007E286 /* Build configuration list for PBXProject "SwiftTextFieldsSample" */ = {
			isa = XCConfigurationList;
			buildConfigurations = (
				5EC5BDF91B25A1D50007E286 /* Debug */,
				5EC5BDFA1B25A1D50007E286 /* Release */,
			);
			defaultConfigurationIsVisible = 0;
			defaultConfigurationName = Release;
		};
		5EC5BDFB1B25A1D50007E286 /* Build configuration list for PBXNativeTarget "SwiftTextFieldsSample" */ = {
			isa = XCConfigurationList;
			buildConfigurations = (
				5EC5BDFC1B25A1D50007E286 /* Debug */,
				5EC5BDFD1B25A1D50007E286 /* Release */,
			);
			defaultConfigurationIsVisible = 0;
		};
		5EC5BDFE1B25A1D50007E286 /* Build configuration list for PBXNativeTarget "SwiftTextFieldsSampleTests" */ = {
			isa = XCConfigurationList;
			buildConfigurations = (
				5EC5BDFF1B25A1D50007E286 /* Debug */,
				5EC5BE001B25A1D50007E286 /* Release */,
			);
			defaultConfigurationIsVisible = 0;
		};
/* End XCConfigurationList section */
	};
	rootObject = 5EC5BDD41B25A1D40007E286 /* Project object */;
}
